// !$*UTF8*$!
{
	archiveVersion = 1;
	classes = {
	};
	objectVersion = 46;
	objects = {

/* Begin PBXBuildFile section */
		A02BADFC1CE1CC2700E67A7C /* NSAttributedString+DDHTML.m in Sources */ = {isa = PBXBuildFile; fileRef = A02BADFB1CE1CC2700E67A7C /* NSAttributedString+DDHTML.m */; };
		A062EF7C1CD9874000EBD3E4 /* JFHTMLBreakElement.m in Sources */ = {isa = PBXBuildFile; fileRef = A062EF7B1CD9874000EBD3E4 /* JFHTMLBreakElement.m */; };
		A062EF821CD9DED300EBD3E4 /* DTHTMLParser.m in Sources */ = {isa = PBXBuildFile; fileRef = A062EF811CD9DED300EBD3E4 /* DTHTMLParser.m */; };
		A062EF851CD9EA7800EBD3E4 /* JFHTMLTextAttachmentElement.m in Sources */ = {isa = PBXBuildFile; fileRef = A062EF841CD9EA7800EBD3E4 /* JFHTMLTextAttachmentElement.m */; };
		A07A85301CE9AD3B00177E83 /* JFAttributedLabel.m in Sources */ = {isa = PBXBuildFile; fileRef = A07A85251CE9AD3B00177E83 /* JFAttributedLabel.m */; };
		A07A85311CE9AD3B00177E83 /* JFLayoutManager.m in Sources */ = {isa = PBXBuildFile; fileRef = A07A85271CE9AD3B00177E83 /* JFLayoutManager.m */; };
		A07A85321CE9AD3B00177E83 /* JFTextAttachment.m in Sources */ = {isa = PBXBuildFile; fileRef = A07A85291CE9AD3B00177E83 /* JFTextAttachment.m */; };
		A07A85331CE9AD3B00177E83 /* JFTextContainer.m in Sources */ = {isa = PBXBuildFile; fileRef = A07A852B1CE9AD3B00177E83 /* JFTextContainer.m */; };
		A07A85341CE9AD3B00177E83 /* JFTextKitDefines.m in Sources */ = {isa = PBXBuildFile; fileRef = A07A852D1CE9AD3B00177E83 /* JFTextKitDefines.m */; };
		A07A85351CE9AD3B00177E83 /* JFTextStorage.m in Sources */ = {isa = PBXBuildFile; fileRef = A07A852F1CE9AD3B00177E83 /* JFTextStorage.m */; };
		A0DCD6531CD33B450036579A /* main.m in Sources */ = {isa = PBXBuildFile; fileRef = A0DCD6521CD33B450036579A /* main.m */; };
		A0DCD6561CD33B450036579A /* AppDelegate.m in Sources */ = {isa = PBXBuildFile; fileRef = A0DCD6551CD33B450036579A /* AppDelegate.m */; };
		A0DCD6591CD33B450036579A /* ViewController.m in Sources */ = {isa = PBXBuildFile; fileRef = A0DCD6581CD33B450036579A /* ViewController.m */; };
		A0DCD65C1CD33B450036579A /* Main.storyboard in Resources */ = {isa = PBXBuildFile; fileRef = A0DCD65A1CD33B450036579A /* Main.storyboard */; };
		A0DCD65E1CD33B450036579A /* Assets.xcassets in Resources */ = {isa = PBXBuildFile; fileRef = A0DCD65D1CD33B450036579A /* Assets.xcassets */; };
		A0DCD6611CD33B450036579A /* LaunchScreen.storyboard in Resources */ = {isa = PBXBuildFile; fileRef = A0DCD65F1CD33B450036579A /* LaunchScreen.storyboard */; };
		A0DCD66C1CD33B450036579A /* JFHTMLTests.m in Sources */ = {isa = PBXBuildFile; fileRef = A0DCD66B1CD33B450036579A /* JFHTMLTests.m */; };
		A0DCD6791CD33B850036579A /* JFHTMLParser.m in Sources */ = {isa = PBXBuildFile; fileRef = A0DCD6781CD33B850036579A /* JFHTMLParser.m */; };
		A0DCD67B1CD33BBA0036579A /* libxml2.2.tbd in Frameworks */ = {isa = PBXBuildFile; fileRef = A0DCD67A1CD33BBA0036579A /* libxml2.2.tbd */; };
		A0DCD67F1CD34FDD0036579A /* JFHTML.m in Sources */ = {isa = PBXBuildFile; fileRef = A0DCD67E1CD34FDD0036579A /* JFHTML.m */; };
		A0DCD6821CD34FEC0036579A /* JFHTMLNode.m in Sources */ = {isa = PBXBuildFile; fileRef = A0DCD6811CD34FEC0036579A /* JFHTMLNode.m */; };
		A0DCD6851CD35F510036579A /* JFHTMLElement.m in Sources */ = {isa = PBXBuildFile; fileRef = A0DCD6841CD35F510036579A /* JFHTMLElement.m */; };
		A0DCD6891CD362F90036579A /* JFHTMLDocument.m in Sources */ = {isa = PBXBuildFile; fileRef = A0DCD6881CD362F90036579A /* JFHTMLDocument.m */; };
		A0FBAF811CD879DF006E0A8C /* JFHTMLAttributedStringBuilder.m in Sources */ = {isa = PBXBuildFile; fileRef = A0FBAF801CD879DF006E0A8C /* JFHTMLAttributedStringBuilder.m */; };
		A0FBAF841CD8A0BE006E0A8C /* JFHTMLTextElement.m in Sources */ = {isa = PBXBuildFile; fileRef = A0FBAF831CD8A0BE006E0A8C /* JFHTMLTextElement.m */; };
/* End PBXBuildFile section */

/* Begin PBXContainerItemProxy section */
		A0DCD6681CD33B450036579A /* PBXContainerItemProxy */ = {
			isa = PBXContainerItemProxy;
			containerPortal = A0DCD6461CD33B450036579A /* Project object */;
			proxyType = 1;
			remoteGlobalIDString = A0DCD64D1CD33B450036579A;
			remoteInfo = JFHTML;
		};
/* End PBXContainerItemProxy section */

/* Begin PBXFileReference section */
		A02BADFA1CE1CC2700E67A7C /* NSAttributedString+DDHTML.h */ = {isa = PBXFileReference; fileEncoding = 4; lastKnownFileType = sourcecode.c.h; path = "NSAttributedString+DDHTML.h"; sourceTree = "<group>"; };
		A02BADFB1CE1CC2700E67A7C /* NSAttributedString+DDHTML.m */ = {isa = PBXFileReference; fileEncoding = 4; lastKnownFileType = sourcecode.c.objc; path = "NSAttributedString+DDHTML.m"; sourceTree = "<group>"; };
		A062EF7A1CD9874000EBD3E4 /* JFHTMLBreakElement.h */ = {isa = PBXFileReference; fileEncoding = 4; lastKnownFileType = sourcecode.c.h; path = JFHTMLBreakElement.h; sourceTree = "<group>"; };
		A062EF7B1CD9874000EBD3E4 /* JFHTMLBreakElement.m */ = {isa = PBXFileReference; fileEncoding = 4; lastKnownFileType = sourcecode.c.objc; path = JFHTMLBreakElement.m; sourceTree = "<group>"; };
		A062EF801CD9DED300EBD3E4 /* DTHTMLParser.h */ = {isa = PBXFileReference; fileEncoding = 4; lastKnownFileType = sourcecode.c.h; path = DTHTMLParser.h; sourceTree = "<group>"; };
		A062EF811CD9DED300EBD3E4 /* DTHTMLParser.m */ = {isa = PBXFileReference; fileEncoding = 4; lastKnownFileType = sourcecode.c.objc; path = DTHTMLParser.m; sourceTree = "<group>"; };
		A062EF831CD9EA7800EBD3E4 /* JFHTMLTextAttachmentElement.h */ = {isa = PBXFileReference; fileEncoding = 4; lastKnownFileType = sourcecode.c.h; path = JFHTMLTextAttachmentElement.h; sourceTree = "<group>"; };
		A062EF841CD9EA7800EBD3E4 /* JFHTMLTextAttachmentElement.m */ = {isa = PBXFileReference; fileEncoding = 4; lastKnownFileType = sourcecode.c.objc; path = JFHTMLTextAttachmentElement.m; sourceTree = "<group>"; };
		A07A85241CE9AD3B00177E83 /* JFAttributedLabel.h */ = {isa = PBXFileReference; fileEncoding = 4; lastKnownFileType = sourcecode.c.h; path = JFAttributedLabel.h; sourceTree = "<group>"; };
		A07A85251CE9AD3B00177E83 /* JFAttributedLabel.m */ = {isa = PBXFileReference; fileEncoding = 4; lastKnownFileType = sourcecode.c.objc; path = JFAttributedLabel.m; sourceTree = "<group>"; };
		A07A85261CE9AD3B00177E83 /* JFLayoutManager.h */ = {isa = PBXFileReference; fileEncoding = 4; lastKnownFileType = sourcecode.c.h; path = JFLayoutManager.h; sourceTree = "<group>"; };
		A07A85271CE9AD3B00177E83 /* JFLayoutManager.m */ = {isa = PBXFileReference; fileEncoding = 4; lastKnownFileType = sourcecode.c.objc; path = JFLayoutManager.m; sourceTree = "<group>"; };
		A07A85281CE9AD3B00177E83 /* JFTextAttachment.h */ = {isa = PBXFileReference; fileEncoding = 4; lastKnownFileType = sourcecode.c.h; path = JFTextAttachment.h; sourceTree = "<group>"; };
		A07A85291CE9AD3B00177E83 /* JFTextAttachment.m */ = {isa = PBXFileReference; fileEncoding = 4; lastKnownFileType = sourcecode.c.objc; path = JFTextAttachment.m; sourceTree = "<group>"; };
		A07A852A1CE9AD3B00177E83 /* JFTextContainer.h */ = {isa = PBXFileReference; fileEncoding = 4; lastKnownFileType = sourcecode.c.h; path = JFTextContainer.h; sourceTree = "<group>"; };
		A07A852B1CE9AD3B00177E83 /* JFTextContainer.m */ = {isa = PBXFileReference; fileEncoding = 4; lastKnownFileType = sourcecode.c.objc; path = JFTextContainer.m; sourceTree = "<group>"; };
		A07A852C1CE9AD3B00177E83 /* JFTextKitDefines.h */ = {isa = PBXFileReference; fileEncoding = 4; lastKnownFileType = sourcecode.c.h; path = JFTextKitDefines.h; sourceTree = "<group>"; };
		A07A852D1CE9AD3B00177E83 /* JFTextKitDefines.m */ = {isa = PBXFileReference; fileEncoding = 4; lastKnownFileType = sourcecode.c.objc; path = JFTextKitDefines.m; sourceTree = "<group>"; };
		A07A852E1CE9AD3B00177E83 /* JFTextStorage.h */ = {isa = PBXFileReference; fileEncoding = 4; lastKnownFileType = sourcecode.c.h; path = JFTextStorage.h; sourceTree = "<group>"; };
		A07A852F1CE9AD3B00177E83 /* JFTextStorage.m */ = {isa = PBXFileReference; fileEncoding = 4; lastKnownFileType = sourcecode.c.objc; path = JFTextStorage.m; sourceTree = "<group>"; };
		A0DCD64E1CD33B450036579A /* JFHTML.app */ = {isa = PBXFileReference; explicitFileType = wrapper.application; includeInIndex = 0; path = JFHTML.app; sourceTree = BUILT_PRODUCTS_DIR; };
		A0DCD6521CD33B450036579A /* main.m */ = {isa = PBXFileReference; lastKnownFileType = sourcecode.c.objc; path = main.m; sourceTree = "<group>"; };
		A0DCD6541CD33B450036579A /* AppDelegate.h */ = {isa = PBXFileReference; lastKnownFileType = sourcecode.c.h; path = AppDelegate.h; sourceTree = "<group>"; };
		A0DCD6551CD33B450036579A /* AppDelegate.m */ = {isa = PBXFileReference; lastKnownFileType = sourcecode.c.objc; path = AppDelegate.m; sourceTree = "<group>"; };
		A0DCD6571CD33B450036579A /* ViewController.h */ = {isa = PBXFileReference; lastKnownFileType = sourcecode.c.h; path = ViewController.h; sourceTree = "<group>"; };
		A0DCD6581CD33B450036579A /* ViewController.m */ = {isa = PBXFileReference; lastKnownFileType = sourcecode.c.objc; path = ViewController.m; sourceTree = "<group>"; };
		A0DCD65B1CD33B450036579A /* Base */ = {isa = PBXFileReference; lastKnownFileType = file.storyboard; name = Base; path = Base.lproj/Main.storyboard; sourceTree = "<group>"; };
		A0DCD65D1CD33B450036579A /* Assets.xcassets */ = {isa = PBXFileReference; lastKnownFileType = folder.assetcatalog; path = Assets.xcassets; sourceTree = "<group>"; };
		A0DCD6601CD33B450036579A /* Base */ = {isa = PBXFileReference; lastKnownFileType = file.storyboard; name = Base; path = Base.lproj/LaunchScreen.storyboard; sourceTree = "<group>"; };
		A0DCD6621CD33B450036579A /* Info.plist */ = {isa = PBXFileReference; lastKnownFileType = text.plist.xml; path = Info.plist; sourceTree = "<group>"; };
		A0DCD6671CD33B450036579A /* JFHTMLTests.xctest */ = {isa = PBXFileReference; explicitFileType = wrapper.cfbundle; includeInIndex = 0; path = JFHTMLTests.xctest; sourceTree = BUILT_PRODUCTS_DIR; };
		A0DCD66B1CD33B450036579A /* JFHTMLTests.m */ = {isa = PBXFileReference; lastKnownFileType = sourcecode.c.objc; path = JFHTMLTests.m; sourceTree = "<group>"; };
		A0DCD66D1CD33B450036579A /* Info.plist */ = {isa = PBXFileReference; lastKnownFileType = text.plist.xml; path = Info.plist; sourceTree = "<group>"; };
		A0DCD6771CD33B850036579A /* JFHTMLParser.h */ = {isa = PBXFileReference; fileEncoding = 4; lastKnownFileType = sourcecode.c.h; path = JFHTMLParser.h; sourceTree = "<group>"; };
		A0DCD6781CD33B850036579A /* JFHTMLParser.m */ = {isa = PBXFileReference; fileEncoding = 4; lastKnownFileType = sourcecode.c.objc; path = JFHTMLParser.m; sourceTree = "<group>"; };
		A0DCD67A1CD33BBA0036579A /* libxml2.2.tbd */ = {isa = PBXFileReference; lastKnownFileType = "sourcecode.text-based-dylib-definition"; name = libxml2.2.tbd; path = usr/lib/libxml2.2.tbd; sourceTree = SDKROOT; };
		A0DCD67D1CD34FDD0036579A /* JFHTML.h */ = {isa = PBXFileReference; fileEncoding = 4; lastKnownFileType = sourcecode.c.h; path = JFHTML.h; sourceTree = "<group>"; };
		A0DCD67E1CD34FDD0036579A /* JFHTML.m */ = {isa = PBXFileReference; fileEncoding = 4; lastKnownFileType = sourcecode.c.objc; path = JFHTML.m; sourceTree = "<group>"; };
		A0DCD6801CD34FEC0036579A /* JFHTMLNode.h */ = {isa = PBXFileReference; fileEncoding = 4; lastKnownFileType = sourcecode.c.h; path = JFHTMLNode.h; sourceTree = "<group>"; };
		A0DCD6811CD34FEC0036579A /* JFHTMLNode.m */ = {isa = PBXFileReference; fileEncoding = 4; lastKnownFileType = sourcecode.c.objc; path = JFHTMLNode.m; sourceTree = "<group>"; };
		A0DCD6831CD35F510036579A /* JFHTMLElement.h */ = {isa = PBXFileReference; fileEncoding = 4; lastKnownFileType = sourcecode.c.h; path = JFHTMLElement.h; sourceTree = "<group>"; };
		A0DCD6841CD35F510036579A /* JFHTMLElement.m */ = {isa = PBXFileReference; fileEncoding = 4; lastKnownFileType = sourcecode.c.objc; path = JFHTMLElement.m; sourceTree = "<group>"; };
		A0DCD6871CD362F90036579A /* JFHTMLDocument.h */ = {isa = PBXFileReference; fileEncoding = 4; lastKnownFileType = sourcecode.c.h; path = JFHTMLDocument.h; sourceTree = "<group>"; };
		A0DCD6881CD362F90036579A /* JFHTMLDocument.m */ = {isa = PBXFileReference; fileEncoding = 4; lastKnownFileType = sourcecode.c.objc; path = JFHTMLDocument.m; sourceTree = "<group>"; };
		A0FBAF7F1CD879DF006E0A8C /* JFHTMLAttributedStringBuilder.h */ = {isa = PBXFileReference; fileEncoding = 4; lastKnownFileType = sourcecode.c.h; path = JFHTMLAttributedStringBuilder.h; sourceTree = "<group>"; };
		A0FBAF801CD879DF006E0A8C /* JFHTMLAttributedStringBuilder.m */ = {isa = PBXFileReference; fileEncoding = 4; lastKnownFileType = sourcecode.c.objc; path = JFHTMLAttributedStringBuilder.m; sourceTree = "<group>"; };
		A0FBAF821CD8A0BE006E0A8C /* JFHTMLTextElement.h */ = {isa = PBXFileReference; fileEncoding = 4; lastKnownFileType = sourcecode.c.h; path = JFHTMLTextElement.h; sourceTree = "<group>"; };
		A0FBAF831CD8A0BE006E0A8C /* JFHTMLTextElement.m */ = {isa = PBXFileReference; fileEncoding = 4; lastKnownFileType = sourcecode.c.objc; path = JFHTMLTextElement.m; sourceTree = "<group>"; };
/* End PBXFileReference section */

/* Begin PBXFrameworksBuildPhase section */
		A0DCD64B1CD33B450036579A /* Frameworks */ = {
			isa = PBXFrameworksBuildPhase;
			buildActionMask = 2147483647;
			files = (
				A0DCD67B1CD33BBA0036579A /* libxml2.2.tbd in Frameworks */,
			);
			runOnlyForDeploymentPostprocessing = 0;
		};
		A0DCD6641CD33B450036579A /* Frameworks */ = {
			isa = PBXFrameworksBuildPhase;
			buildActionMask = 2147483647;
			files = (
			);
			runOnlyForDeploymentPostprocessing = 0;
		};
/* End PBXFrameworksBuildPhase section */

/* Begin PBXGroup section */
		A02BADF91CE1CC2700E67A7C /* NSAttributedString+DDHTML */ = {
			isa = PBXGroup;
			children = (
				A02BADFA1CE1CC2700E67A7C /* NSAttributedString+DDHTML.h */,
				A02BADFB1CE1CC2700E67A7C /* NSAttributedString+DDHTML.m */,
			);
			path = "NSAttributedString+DDHTML";
			sourceTree = "<group>";
		};
		A062EF7F1CD9DED300EBD3E4 /* DTHTMLParser */ = {
			isa = PBXGroup;
			children = (
				A062EF801CD9DED300EBD3E4 /* DTHTMLParser.h */,
				A062EF811CD9DED300EBD3E4 /* DTHTMLParser.m */,
			);
			path = DTHTMLParser;
			sourceTree = "<group>";
		};
		A07A85231CE9AD3B00177E83 /* JFTextKit */ = {
			isa = PBXGroup;
			children = (
				A07A85241CE9AD3B00177E83 /* JFAttributedLabel.h */,
				A07A85251CE9AD3B00177E83 /* JFAttributedLabel.m */,
				A07A85261CE9AD3B00177E83 /* JFLayoutManager.h */,
				A07A85271CE9AD3B00177E83 /* JFLayoutManager.m */,
				A07A85281CE9AD3B00177E83 /* JFTextAttachment.h */,
				A07A85291CE9AD3B00177E83 /* JFTextAttachment.m */,
				A07A852A1CE9AD3B00177E83 /* JFTextContainer.h */,
				A07A852B1CE9AD3B00177E83 /* JFTextContainer.m */,
				A07A852C1CE9AD3B00177E83 /* JFTextKitDefines.h */,
				A07A852D1CE9AD3B00177E83 /* JFTextKitDefines.m */,
				A07A852E1CE9AD3B00177E83 /* JFTextStorage.h */,
				A07A852F1CE9AD3B00177E83 /* JFTextStorage.m */,
			);
			path = JFTextKit;
			sourceTree = "<group>";
		};
		A0DCD6451CD33B450036579A = {
			isa = PBXGroup;
			children = (
				A0DCD67A1CD33BBA0036579A /* libxml2.2.tbd */,
				A0DCD6501CD33B450036579A /* JFHTML */,
				A0DCD66A1CD33B450036579A /* JFHTMLTests */,
				A0DCD64F1CD33B450036579A /* Products */,
			);
			sourceTree = "<group>";
		};
		A0DCD64F1CD33B450036579A /* Products */ = {
			isa = PBXGroup;
			children = (
				A0DCD64E1CD33B450036579A /* JFHTML.app */,
				A0DCD6671CD33B450036579A /* JFHTMLTests.xctest */,
			);
			name = Products;
			sourceTree = "<group>";
		};
		A0DCD6501CD33B450036579A /* JFHTML */ = {
			isa = PBXGroup;
			children = (
				A07A85231CE9AD3B00177E83 /* JFTextKit */,
				A02BADF91CE1CC2700E67A7C /* NSAttributedString+DDHTML */,
				A062EF7F1CD9DED300EBD3E4 /* DTHTMLParser */,
				A0FBAF7E1CD879C7006E0A8C /* JFHTMLAttributedStringBuilder */,
				A0DCD67C1CD34FCF0036579A /* JFHTML */,
				A0DCD6761CD33B740036579A /* JFHTMLParser */,
				A0DCD6541CD33B450036579A /* AppDelegate.h */,
				A0DCD6551CD33B450036579A /* AppDelegate.m */,
				A0DCD6571CD33B450036579A /* ViewController.h */,
				A0DCD6581CD33B450036579A /* ViewController.m */,
				A0DCD65A1CD33B450036579A /* Main.storyboard */,
				A0DCD65D1CD33B450036579A /* Assets.xcassets */,
				A0DCD65F1CD33B450036579A /* LaunchScreen.storyboard */,
				A0DCD6621CD33B450036579A /* Info.plist */,
				A0DCD6511CD33B450036579A /* Supporting Files */,
			);
			path = JFHTML;
			sourceTree = "<group>";
		};
		A0DCD6511CD33B450036579A /* Supporting Files */ = {
			isa = PBXGroup;
			children = (
				A0DCD6521CD33B450036579A /* main.m */,
			);
			name = "Supporting Files";
			sourceTree = "<group>";
		};
		A0DCD66A1CD33B450036579A /* JFHTMLTests */ = {
			isa = PBXGroup;
			children = (
				A0DCD66B1CD33B450036579A /* JFHTMLTests.m */,
				A0DCD66D1CD33B450036579A /* Info.plist */,
			);
			path = JFHTMLTests;
			sourceTree = "<group>";
		};
		A0DCD6761CD33B740036579A /* JFHTMLParser */ = {
			isa = PBXGroup;
			children = (
				A0DCD6771CD33B850036579A /* JFHTMLParser.h */,
				A0DCD6781CD33B850036579A /* JFHTMLParser.m */,
			);
			path = JFHTMLParser;
			sourceTree = "<group>";
		};
		A0DCD67C1CD34FCF0036579A /* JFHTML */ = {
			isa = PBXGroup;
			children = (
				A0DCD6871CD362F90036579A /* JFHTMLDocument.h */,
				A0DCD6881CD362F90036579A /* JFHTMLDocument.m */,
				A0DCD67D1CD34FDD0036579A /* JFHTML.h */,
				A0DCD67E1CD34FDD0036579A /* JFHTML.m */,
				A0DCD6801CD34FEC0036579A /* JFHTMLNode.h */,
				A0DCD6811CD34FEC0036579A /* JFHTMLNode.m */,
				A0DCD6831CD35F510036579A /* JFHTMLElement.h */,
				A0DCD6841CD35F510036579A /* JFHTMLElement.m */,
				A0FBAF821CD8A0BE006E0A8C /* JFHTMLTextElement.h */,
				A0FBAF831CD8A0BE006E0A8C /* JFHTMLTextElement.m */,
				A062EF7A1CD9874000EBD3E4 /* JFHTMLBreakElement.h */,
				A062EF7B1CD9874000EBD3E4 /* JFHTMLBreakElement.m */,
				A062EF831CD9EA7800EBD3E4 /* JFHTMLTextAttachmentElement.h */,
				A062EF841CD9EA7800EBD3E4 /* JFHTMLTextAttachmentElement.m */,
			);
			path = JFHTML;
			sourceTree = "<group>";
		};
		A0FBAF7E1CD879C7006E0A8C /* JFHTMLAttributedStringBuilder */ = {
			isa = PBXGroup;
			children = (
				A0FBAF7F1CD879DF006E0A8C /* JFHTMLAttributedStringBuilder.h */,
				A0FBAF801CD879DF006E0A8C /* JFHTMLAttributedStringBuilder.m */,
			);
			path = JFHTMLAttributedStringBuilder;
			sourceTree = "<group>";
		};
/* End PBXGroup section */

/* Begin PBXNativeTarget section */
		A0DCD64D1CD33B450036579A /* JFHTML */ = {
			isa = PBXNativeTarget;
			buildConfigurationList = A0DCD6701CD33B450036579A /* Build configuration list for PBXNativeTarget "JFHTML" */;
			buildPhases = (
				A0DCD64A1CD33B450036579A /* Sources */,
				A0DCD64B1CD33B450036579A /* Frameworks */,
				A0DCD64C1CD33B450036579A /* Resources */,
			);
			buildRules = (
			);
			dependencies = (
			);
			name = JFHTML;
			productName = JFHTML;
			productReference = A0DCD64E1CD33B450036579A /* JFHTML.app */;
			productType = "com.apple.product-type.application";
		};
		A0DCD6661CD33B450036579A /* JFHTMLTests */ = {
			isa = PBXNativeTarget;
			buildConfigurationList = A0DCD6731CD33B450036579A /* Build configuration list for PBXNativeTarget "JFHTMLTests" */;
			buildPhases = (
				A0DCD6631CD33B450036579A /* Sources */,
				A0DCD6641CD33B450036579A /* Frameworks */,
				A0DCD6651CD33B450036579A /* Resources */,
			);
			buildRules = (
			);
			dependencies = (
				A0DCD6691CD33B450036579A /* PBXTargetDependency */,
			);
			name = JFHTMLTests;
			productName = JFHTMLTests;
			productReference = A0DCD6671CD33B450036579A /* JFHTMLTests.xctest */;
			productType = "com.apple.product-type.bundle.unit-test";
		};
/* End PBXNativeTarget section */

/* Begin PBXProject section */
		A0DCD6461CD33B450036579A /* Project object */ = {
			isa = PBXProject;
			attributes = {
				LastUpgradeCheck = 0730;
				ORGANIZATIONNAME = shujiong;
				TargetAttributes = {
					A0DCD64D1CD33B450036579A = {
						CreatedOnToolsVersion = 7.3;
					};
					A0DCD6661CD33B450036579A = {
						CreatedOnToolsVersion = 7.3;
						TestTargetID = A0DCD64D1CD33B450036579A;
					};
				};
			};
			buildConfigurationList = A0DCD6491CD33B450036579A /* Build configuration list for PBXProject "JFHTML" */;
			compatibilityVersion = "Xcode 3.2";
			developmentRegion = English;
			hasScannedForEncodings = 0;
			knownRegions = (
				en,
				Base,
			);
			mainGroup = A0DCD6451CD33B450036579A;
			productRefGroup = A0DCD64F1CD33B450036579A /* Products */;
			projectDirPath = "";
			projectRoot = "";
			targets = (
				A0DCD64D1CD33B450036579A /* JFHTML */,
				A0DCD6661CD33B450036579A /* JFHTMLTests */,
			);
		};
/* End PBXProject section */

/* Begin PBXResourcesBuildPhase section */
		A0DCD64C1CD33B450036579A /* Resources */ = {
			isa = PBXResourcesBuildPhase;
			buildActionMask = 2147483647;
			files = (
				A0DCD6611CD33B450036579A /* LaunchScreen.storyboard in Resources */,
				A0DCD65E1CD33B450036579A /* Assets.xcassets in Resources */,
				A0DCD65C1CD33B450036579A /* Main.storyboard in Resources */,
			);
			runOnlyForDeploymentPostprocessing = 0;
		};
		A0DCD6651CD33B450036579A /* Resources */ = {
			isa = PBXResourcesBuildPhase;
			buildActionMask = 2147483647;
			files = (
			);
			runOnlyForDeploymentPostprocessing = 0;
		};
/* End PBXResourcesBuildPhase section */

/* Begin PBXSourcesBuildPhase section */
		A0DCD64A1CD33B450036579A /* Sources */ = {
			isa = PBXSourcesBuildPhase;
			buildActionMask = 2147483647;
			files = (
				A0DCD6591CD33B450036579A /* ViewController.m in Sources */,
				A062EF851CD9EA7800EBD3E4 /* JFHTMLTextAttachmentElement.m in Sources */,
				A0DCD67F1CD34FDD0036579A /* JFHTML.m in Sources */,
				A0DCD6821CD34FEC0036579A /* JFHTMLNode.m in Sources */,
				A07A85301CE9AD3B00177E83 /* JFAttributedLabel.m in Sources */,
				A07A85341CE9AD3B00177E83 /* JFTextKitDefines.m in Sources */,
				A07A85311CE9AD3B00177E83 /* JFLayoutManager.m in Sources */,
				A0DCD6561CD33B450036579A /* AppDelegate.m in Sources */,
				A0DCD6531CD33B450036579A /* main.m in Sources */,
				A0DCD6851CD35F510036579A /* JFHTMLElement.m in Sources */,
				A062EF7C1CD9874000EBD3E4 /* JFHTMLBreakElement.m in Sources */,
				A07A85331CE9AD3B00177E83 /* JFTextContainer.m in Sources */,
				A062EF821CD9DED300EBD3E4 /* DTHTMLParser.m in Sources */,
				A0DCD6791CD33B850036579A /* JFHTMLParser.m in Sources */,
				A0DCD6891CD362F90036579A /* JFHTMLDocument.m in Sources */,
				A0FBAF841CD8A0BE006E0A8C /* JFHTMLTextElement.m in Sources */,
				A07A85351CE9AD3B00177E83 /* JFTextStorage.m in Sources */,
				A02BADFC1CE1CC2700E67A7C /* NSAttributedString+DDHTML.m in Sources */,
				A0FBAF811CD879DF006E0A8C /* JFHTMLAttributedStringBuilder.m in Sources */,
				A07A85321CE9AD3B00177E83 /* JFTextAttachment.m in Sources */,
			);
			runOnlyForDeploymentPostprocessing = 0;
		};
		A0DCD6631CD33B450036579A /* Sources */ = {
			isa = PBXSourcesBuildPhase;
			buildActionMask = 2147483647;
			files = (
				A0DCD66C1CD33B450036579A /* JFHTMLTests.m in Sources */,
			);
			runOnlyForDeploymentPostprocessing = 0;
		};
/* End PBXSourcesBuildPhase section */

/* Begin PBXTargetDependency section */
		A0DCD6691CD33B450036579A /* PBXTargetDependency */ = {
			isa = PBXTargetDependency;
			target = A0DCD64D1CD33B450036579A /* JFHTML */;
			targetProxy = A0DCD6681CD33B450036579A /* PBXContainerItemProxy */;
		};
/* End PBXTargetDependency section */

/* Begin PBXVariantGroup section */
		A0DCD65A1CD33B450036579A /* Main.storyboard */ = {
			isa = PBXVariantGroup;
			children = (
				A0DCD65B1CD33B450036579A /* Base */,
			);
			name = Main.storyboard;
			sourceTree = "<group>";
		};
		A0DCD65F1CD33B450036579A /* LaunchScreen.storyboard */ = {
			isa = PBXVariantGroup;
			children = (
				A0DCD6601CD33B450036579A /* Base */,
			);
			name = LaunchScreen.storyboard;
			sourceTree = "<group>";
		};
/* End PBXVariantGroup section */

/* Begin XCBuildConfiguration section */
		A0DCD66E1CD33B450036579A /* Debug */ = {
			isa = XCBuildConfiguration;
			buildSettings = {
				ALWAYS_SEARCH_USER_PATHS = NO;
				CLANG_ANALYZER_NONNULL = YES;
				CLANG_CXX_LANGUAGE_STANDARD = "gnu++0x";
				CLANG_CXX_LIBRARY = "libc++";
				CLANG_ENABLE_MODULES = YES;
				CLANG_ENABLE_OBJC_ARC = YES;
				CLANG_WARN_BOOL_CONVERSION = YES;
				CLANG_WARN_CONSTANT_CONVERSION = YES;
				CLANG_WARN_DIRECT_OBJC_ISA_USAGE = YES_ERROR;
				CLANG_WARN_EMPTY_BODY = YES;
				CLANG_WARN_ENUM_CONVERSION = YES;
				CLANG_WARN_INT_CONVERSION = YES;
				CLANG_WARN_OBJC_ROOT_CLASS = YES_ERROR;
				CLANG_WARN_UNREACHABLE_CODE = YES;
				CLANG_WARN__DUPLICATE_METHOD_MATCH = YES;
				"CODE_SIGN_IDENTITY[sdk=iphoneos*]" = "iPhone Developer";
				COPY_PHASE_STRIP = NO;
				DEBUG_INFORMATION_FORMAT = dwarf;
				ENABLE_STRICT_OBJC_MSGSEND = YES;
				ENABLE_TESTABILITY = YES;
				GCC_C_LANGUAGE_STANDARD = gnu99;
				GCC_DYNAMIC_NO_PIC = NO;
				GCC_NO_COMMON_BLOCKS = YES;
				GCC_OPTIMIZATION_LEVEL = 0;
				GCC_PREPROCESSOR_DEFINITIONS = (
					"DEBUG=1",
					"$(inherited)",
				);
				GCC_WARN_64_TO_32_BIT_CONVERSION = YES;
				GCC_WARN_ABOUT_RETURN_TYPE = YES_ERROR;
				GCC_WARN_UNDECLARED_SELECTOR = YES;
				GCC_WARN_UNINITIALIZED_AUTOS = YES_AGGRESSIVE;
				GCC_WARN_UNUSED_FUNCTION = YES;
				GCC_WARN_UNUSED_VARIABLE = YES;
				IPHONEOS_DEPLOYMENT_TARGET = 9.3;
				MTL_ENABLE_DEBUG_INFO = YES;
				ONLY_ACTIVE_ARCH = YES;
				SDKROOT = iphoneos;
				TARGETED_DEVICE_FAMILY = "1,2";
			};
			name = Debug;
		};
		A0DCD66F1CD33B450036579A /* Release */ = {
			isa = XCBuildConfiguration;
			buildSettings = {
				ALWAYS_SEARCH_USER_PATHS = NO;
				CLANG_ANALYZER_NONNULL = YES;
				CLANG_CXX_LANGUAGE_STANDARD = "gnu++0x";
				CLANG_CXX_LIBRARY = "libc++";
				CLANG_ENABLE_MODULES = YES;
				CLANG_ENABLE_OBJC_ARC = YES;
				CLANG_WARN_BOOL_CONVERSION = YES;
				CLANG_WARN_CONSTANT_CONVERSION = YES;
				CLANG_WARN_DIRECT_OBJC_ISA_USAGE = YES_ERROR;
				CLANG_WARN_EMPTY_BODY = YES;
				CLANG_WARN_ENUM_CONVERSION = YES;
				CLANG_WARN_INT_CONVERSION = YES;
				CLANG_WARN_OBJC_ROOT_CLASS = YES_ERROR;
				CLANG_WARN_UNREACHABLE_CODE = YES;
				CLANG_WARN__DUPLICATE_METHOD_MATCH = YES;
				"CODE_SIGN_IDENTITY[sdk=iphoneos*]" = "iPhone Developer";
				COPY_PHASE_STRIP = NO;
				DEBUG_INFORMATION_FORMAT = "dwarf-with-dsym";
				ENABLE_NS_ASSERTIONS = NO;
				ENABLE_STRICT_OBJC_MSGSEND = YES;
				GCC_C_LANGUAGE_STANDARD = gnu99;
				GCC_NO_COMMON_BLOCKS = YES;
				GCC_WARN_64_TO_32_BIT_CONVERSION = YES;
				GCC_WARN_ABOUT_RETURN_TYPE = YES_ERROR;
				GCC_WARN_UNDECLARED_SELECTOR = YES;
				GCC_WARN_UNINITIALIZED_AUTOS = YES_AGGRESSIVE;
				GCC_WARN_UNUSED_FUNCTION = YES;
				GCC_WARN_UNUSED_VARIABLE = YES;
				IPHONEOS_DEPLOYMENT_TARGET = 9.3;
				MTL_ENABLE_DEBUG_INFO = NO;
				SDKROOT = iphoneos;
				TARGETED_DEVICE_FAMILY = "1,2";
				VALIDATE_PRODUCT = YES;
			};
			name = Release;
		};
		A0DCD6711CD33B450036579A /* Debug */ = {
			isa = XCBuildConfiguration;
			buildSettings = {
				ASSETCATALOG_COMPILER_APPICON_NAME = AppIcon;
				HEADER_SEARCH_PATHS = "$(SDKROOT)/usr/include/libxml2";
				INFOPLIST_FILE = JFHTML/Info.plist;
				LD_RUNPATH_SEARCH_PATHS = "$(inherited) @executable_path/Frameworks";
				PRODUCT_BUNDLE_IDENTIFIER = top.shujiong.JFHTML;
				PRODUCT_NAME = "$(TARGET_NAME)";
			};
			name = Debug;
		};
		A0DCD6721CD33B450036579A /* Release */ = {
			isa = XCBuildConfiguration;
			buildSettings = {
				ASSETCATALOG_COMPILER_APPICON_NAME = AppIcon;
				HEADER_SEARCH_PATHS = "$(SDKROOT)/usr/include/libxml2";
				INFOPLIST_FILE = JFHTML/Info.plist;
				LD_RUNPATH_SEARCH_PATHS = "$(inherited) @executable_path/Frameworks";
				PRODUCT_BUNDLE_IDENTIFIER = top.shujiong.JFHTML;
				PRODUCT_NAME = "$(TARGET_NAME)";
			};
			name = Release;
		};
		A0DCD6741CD33B450036579A /* Debug */ = {
			isa = XCBuildConfiguration;
			buildSettings = {
				BUNDLE_LOADER = "$(TEST_HOST)";
				INFOPLIST_FILE = JFHTMLTests/Info.plist;
				LD_RUNPATH_SEARCH_PATHS = "$(inherited) @executable_path/Frameworks @loader_path/Frameworks";
				PRODUCT_BUNDLE_IDENTIFIER = top.shujiong.JFHTMLTests;
				PRODUCT_NAME = "$(TARGET_NAME)";
				TEST_HOST = "$(BUILT_PRODUCTS_DIR)/JFHTML.app/JFHTML";
			};
			name = Debug;
		};
		A0DCD6751CD33B450036579A /* Release */ = {
			isa = XCBuildConfiguration;
			buildSettings = {
				BUNDLE_LOADER = "$(TEST_HOST)";
				INFOPLIST_FILE = JFHTMLTests/Info.plist;
				LD_RUNPATH_SEARCH_PATHS = "$(inherited) @executable_path/Frameworks @loader_path/Frameworks";
				PRODUCT_BUNDLE_IDENTIFIER = top.shujiong.JFHTMLTests;
				PRODUCT_NAME = "$(TARGET_NAME)";
				TEST_HOST = "$(BUILT_PRODUCTS_DIR)/JFHTML.app/JFHTML";
			};
			name = Release;
		};
/* End XCBuildConfiguration section */

/* Begin XCConfigurationList section */
		A0DCD6491CD33B450036579A /* Build configuration list for PBXProject "JFHTML" */ = {
			isa = XCConfigurationList;
			buildConfigurations = (
				A0DCD66E1CD33B450036579A /* Debug */,
				A0DCD66F1CD33B450036579A /* Release */,
			);
			defaultConfigurationIsVisible = 0;
			defaultConfigurationName = Release;
		};
		A0DCD6701CD33B450036579A /* Build configuration list for PBXNativeTarget "JFHTML" */ = {
			isa = XCConfigurationList;
			buildConfigurations = (
				A0DCD6711CD33B450036579A /* Debug */,
				A0DCD6721CD33B450036579A /* Release */,
			);
			defaultConfigurationIsVisible = 0;
			defaultConfigurationName = Release;
		};
		A0DCD6731CD33B450036579A /* Build configuration list for PBXNativeTarget "JFHTMLTests" */ = {
			isa = XCConfigurationList;
			buildConfigurations = (
				A0DCD6741CD33B450036579A /* Debug */,
				A0DCD6751CD33B450036579A /* Release */,
			);
			defaultConfigurationIsVisible = 0;
			defaultConfigurationName = Release;
		};
/* End XCConfigurationList section */
	};
	rootObject = A0DCD6461CD33B450036579A /* Project object */;
}
